
Microsoft Visual Studio Solution File, Format Version 12.00
Project("{FAE04EC0-301F-11D3-BF4B-00C04F79EFBC}") = "Nuages.PubSub.Starter.API", "Nuages.PubSub.Starter.API\Nuages.PubSub.Starter.API.csproj", "{1F77878F-5CE8-4221-9BD7-C817BFA8A33A}"
EndProject
Project("{FAE04EC0-301F-11D3-BF4B-00C04F79EFBC}") = "Nuages.PubSub.Starter.WebSocket", "Nuages.PubSub.Starter.WebSocket\Nuages.PubSub.Starter.WebSocket.csproj", "{C22606FC-00BA-4A7A-83FF-A1D8ABF4AEAB}"
EndProject
Project("{FAE04EC0-301F-11D3-BF4B-00C04F79EFBC}") = "Nuages.PubSub.Starter.Cdk", "Nuages.PubSub.Starter.Cdk\Nuages.PubSub.Starter.Cdk.csproj", "{60D9FC1C-A9EC-4BB0-A163-6F68701E4B5C}"
EndProject
Project("{2150E333-8FDC-42A3-9474-1A3956D46DE8}") = ".CDK", ".CDK", "{1BD1F18E-96C1-4994-9F68-008C07549540}"
	ProjectSection(SolutionItems) = preProject
		..\cdk.json = ..\cdk.json
		..\build.sh = ..\build.sh
	EndProjectSection
EndProject
Global
	GlobalSection(SolutionConfigurationPlatforms) = preSolution
		Debug|Any CPU = Debug|Any CPU
		Release|Any CPU = Release|Any CPU
	EndGlobalSection
	GlobalSection(ProjectConfigurationPlatforms) = postSolution
		{1F77878F-5CE8-4221-9BD7-C817BFA8A33A}.Debug|Any CPU.ActiveCfg = Debug|Any CPU
		{1F77878F-5CE8-4221-9BD7-C817BFA8A33A}.Debug|Any CPU.Build.0 = Debug|Any CPU
		{1F77878F-5CE8-4221-9BD7-C817BFA8A33A}.Release|Any CPU.ActiveCfg = Release|Any CPU
		{1F77878F-5CE8-4221-9BD7-C817BFA8A33A}.Release|Any CPU.Build.0 = Release|Any CPU
		{C22606FC-00BA-4A7A-83FF-A1D8ABF4AEAB}.Debug|Any CPU.ActiveCfg = Debug|Any CPU
		{C22606FC-00BA-4A7A-83FF-A1D8ABF4AEAB}.Debug|Any CPU.Build.0 = Debug|Any CPU
		{C22606FC-00BA-4A7A-83FF-A1D8ABF4AEAB}.Release|Any CPU.ActiveCfg = Release|Any CPU
		{C22606FC-00BA-4A7A-83FF-A1D8ABF4AEAB}.Release|Any CPU.Build.0 = Release|Any CPU
		{60D9FC1C-A9EC-4BB0-A163-6F68701E4B5C}.Debug|Any CPU.ActiveCfg = Debug|Any CPU
		{60D9FC1C-A9EC-4BB0-A163-6F68701E4B5C}.Debug|Any CPU.Build.0 = Debug|Any CPU
		{60D9FC1C-A9EC-4BB0-A163-6F68701E4B5C}.Release|Any CPU.ActiveCfg = Release|Any CPU
		{60D9FC1C-A9EC-4BB0-A163-6F68701E4B5C}.Release|Any CPU.Build.0 = Release|Any CPU
	EndGlobalSection
EndGlobal
